// !$*UTF8*$!
{
	archiveVersion = 1;
	classes = {
	};
	objectVersion = 50;
	objects = {

/* Begin PBXBuildFile section */
		3D538C40215B8EE400640448 /* ScanView.m in Sources */ = {isa = PBXBuildFile; fileRef = 3D538C3F215B8EE400640448 /* ScanView.m */; };
		3D5FE83C215B11DA004B439C /* AVCaptureSessionManager.m in Sources */ = {isa = PBXBuildFile; fileRef = 3D5FE836215B11DA004B439C /* AVCaptureSessionManager.m */; };
		3D5FE83D215B11DA004B439C /* UIImage+ZZYQRImageExtension.m in Sources */ = {isa = PBXBuildFile; fileRef = 3D5FE837215B11DA004B439C /* UIImage+ZZYQRImageExtension.m */; };
		3D6112EF215244E700DBDF74 /* RCTBaiDuOcrModule.m in Sources */ = {isa = PBXBuildFile; fileRef = 3D6112EE215244E700DBDF74 /* RCTBaiDuOcrModule.m */; };
		3D6112F0215244E700DBDF74 /* RCTBaiDuOcrModule.h in Copy Files */ = {isa = PBXBuildFile; fileRef = 3D6112ED215244E700DBDF74 /* RCTBaiDuOcrModule.h */; };
		3DDF3C96215C6EC6008CFD6A /* MMViewController.m in Sources */ = {isa = PBXBuildFile; fileRef = 3DDF3C95215C6EC6008CFD6A /* MMViewController.m */; };
/* End PBXBuildFile section */

/* Begin PBXCopyFilesBuildPhase section */
		3D6112E8215244E700DBDF74 /* Copy Files */ = {
			isa = PBXCopyFilesBuildPhase;
			buildActionMask = 2147483647;
			dstPath = "include/$(PRODUCT_NAME)";
			dstSubfolderSpec = 16;
			files = (
				3D6112F0215244E700DBDF74 /* RCTBaiDuOcrModule.h in Copy Files */,
			);
			name = "Copy Files";
			runOnlyForDeploymentPostprocessing = 0;
		};
/* End PBXCopyFilesBuildPhase section */

/* Begin PBXFileReference section */
		3D538C3E215B8EE400640448 /* ScanView.h */ = {isa = PBXFileReference; lastKnownFileType = sourcecode.c.h; path = ScanView.h; sourceTree = "<group>"; };
		3D538C3F215B8EE400640448 /* ScanView.m */ = {isa = PBXFileReference; lastKnownFileType = sourcecode.c.objc; path = ScanView.m; sourceTree = "<group>"; };
		3D5FE836215B11DA004B439C /* AVCaptureSessionManager.m */ = {isa = PBXFileReference; fileEncoding = 4; lastKnownFileType = sourcecode.c.objc; path = AVCaptureSessionManager.m; sourceTree = "<group>"; };
		3D5FE837215B11DA004B439C /* UIImage+ZZYQRImageExtension.m */ = {isa = PBXFileReference; fileEncoding = 4; lastKnownFileType = sourcecode.c.objc; path = "UIImage+ZZYQRImageExtension.m"; sourceTree = "<group>"; };
		3D5FE838215B11DA004B439C /* AVCaptureSessionManager.h */ = {isa = PBXFileReference; fileEncoding = 4; lastKnownFileType = sourcecode.c.h; path = AVCaptureSessionManager.h; sourceTree = "<group>"; };
		3D5FE83A215B11DA004B439C /* ZZYQRCode.h */ = {isa = PBXFileReference; fileEncoding = 4; lastKnownFileType = sourcecode.c.h; path = ZZYQRCode.h; sourceTree = "<group>"; };
		3D5FE83B215B11DA004B439C /* UIImage+ZZYQRImageExtension.h */ = {isa = PBXFileReference; fileEncoding = 4; lastKnownFileType = sourcecode.c.h; path = "UIImage+ZZYQRImageExtension.h"; sourceTree = "<group>"; };
		3D6112EA215244E700DBDF74 /* libRCTBaiDuOcrModule.a */ = {isa = PBXFileReference; explicitFileType = archive.ar; includeInIndex = 0; path = libRCTBaiDuOcrModule.a; sourceTree = BUILT_PRODUCTS_DIR; };
		3D6112ED215244E700DBDF74 /* RCTBaiDuOcrModule.h */ = {isa = PBXFileReference; lastKnownFileType = sourcecode.c.h; path = RCTBaiDuOcrModule.h; sourceTree = "<group>"; };
		3D6112EE215244E700DBDF74 /* RCTBaiDuOcrModule.m */ = {isa = PBXFileReference; lastKnownFileType = sourcecode.c.objc; path = RCTBaiDuOcrModule.m; sourceTree = "<group>"; };
		3DDF3C94215C6EC6008CFD6A /* MMViewController.h */ = {isa = PBXFileReference; fileEncoding = 4; lastKnownFileType = sourcecode.c.h; path = MMViewController.h; sourceTree = "<group>"; };
		3DDF3C95215C6EC6008CFD6A /* MMViewController.m */ = {isa = PBXFileReference; fileEncoding = 4; lastKnownFileType = sourcecode.c.objc; path = MMViewController.m; sourceTree = "<group>"; };
/* End PBXFileReference section */

/* Begin PBXFrameworksBuildPhase section */
		3D6112E7215244E700DBDF74 /* Frameworks */ = {
			isa = PBXFrameworksBuildPhase;
			buildActionMask = 2147483647;
			files = (
			);
			runOnlyForDeploymentPostprocessing = 0;
		};
/* End PBXFrameworksBuildPhase section */

/* Begin PBXGroup section */
		3D5FE835215B11DA004B439C /* ZZYQRCode */ = {
			isa = PBXGroup;
			children = (
				3D5FE836215B11DA004B439C /* AVCaptureSessionManager.m */,
				3D5FE837215B11DA004B439C /* UIImage+ZZYQRImageExtension.m */,
				3D5FE838215B11DA004B439C /* AVCaptureSessionManager.h */,
				3D5FE83A215B11DA004B439C /* ZZYQRCode.h */,
				3D5FE83B215B11DA004B439C /* UIImage+ZZYQRImageExtension.h */,
				3D538C3E215B8EE400640448 /* ScanView.h */,
				3D538C3F215B8EE400640448 /* ScanView.m */,
			);
			path = ZZYQRCode;
			sourceTree = "<group>";
		};
		3D6112E1215244E700DBDF74 = {
			isa = PBXGroup;
			children = (
				3D6112EC215244E700DBDF74 /* RCTBaiDuOcrModule */,
				3D6112EB215244E700DBDF74 /* Products */,
				3DCD551121532E4F00CD0E29 /* Frameworks */,
			);
			sourceTree = "<group>";
		};
		3D6112EB215244E700DBDF74 /* Products */ = {
			isa = PBXGroup;
			children = (
				3D6112EA215244E700DBDF74 /* libRCTBaiDuOcrModule.a */,
			);
			name = Products;
			sourceTree = "<group>";
		};
		3D6112EC215244E700DBDF74 /* RCTBaiDuOcrModule */ = {
			isa = PBXGroup;
			children = (
				3D5FE835215B11DA004B439C /* ZZYQRCode */,
				3D6112ED215244E700DBDF74 /* RCTBaiDuOcrModule.h */,
				3D6112EE215244E700DBDF74 /* RCTBaiDuOcrModule.m */,
				3DDF3C94215C6EC6008CFD6A /* MMViewController.h */,
				3DDF3C95215C6EC6008CFD6A /* MMViewController.m */,
			);
			path = RCTBaiDuOcrModule;
			sourceTree = "<group>";
		};
		3DCD551121532E4F00CD0E29 /* Frameworks */ = {
			isa = PBXGroup;
			children = (
			);
			name = Frameworks;
			sourceTree = "<group>";
		};
/* End PBXGroup section */

/* Begin PBXNativeTarget section */
		3D6112E9215244E700DBDF74 /* RCTBaiDuOcrModule */ = {
			isa = PBXNativeTarget;
			buildConfigurationList = 3D6112F3215244E700DBDF74 /* Build configuration list for PBXNativeTarget "RCTBaiDuOcrModule" */;
			buildPhases = (
				3D6112E6215244E700DBDF74 /* Sources */,
				3D6112E7215244E700DBDF74 /* Frameworks */,
				3D6112E8215244E700DBDF74 /* Copy Files */,
				3DDF3C98215C706D008CFD6A /* Resources */,
			);
			buildRules = (
			);
			dependencies = (
			);
			name = RCTBaiDuOcrModule;
			productName = RCTBaiDuOcrModule;
			productReference = 3D6112EA215244E700DBDF74 /* libRCTBaiDuOcrModule.a */;
			productType = "com.apple.product-type.library.static";
		};
/* End PBXNativeTarget section */

/* Begin PBXProject section */
		3D6112E2215244E700DBDF74 /* Project object */ = {
			isa = PBXProject;
			attributes = {
				LastUpgradeCheck = 0940;
				ORGANIZATIONNAME = qiepeipei;
				TargetAttributes = {
					3D6112E9215244E700DBDF74 = {
						CreatedOnToolsVersion = 9.4.1;
					};
				};
			};
			buildConfigurationList = 3D6112E5215244E700DBDF74 /* Build configuration list for PBXProject "RCTBaiDuOcrModule" */;
			compatibilityVersion = "Xcode 9.3";
			developmentRegion = en;
			hasScannedForEncodings = 0;
			knownRegions = (
				en,
			);
			mainGroup = 3D6112E1215244E700DBDF74;
			productRefGroup = 3D6112EB215244E700DBDF74 /* Products */;
			projectDirPath = "";
			projectRoot = "";
			targets = (
				3D6112E9215244E700DBDF74 /* RCTBaiDuOcrModule */,
			);
		};
/* End PBXProject section */

/* Begin PBXResourcesBuildPhase section */
		3DDF3C98215C706D008CFD6A /* Resources */ = {
			isa = PBXResourcesBuildPhase;
			buildActionMask = 2147483647;
			files = (
			);
			runOnlyForDeploymentPostprocessing = 0;
		};
/* End PBXResourcesBuildPhase section */

/* Begin PBXSourcesBuildPhase section */
		3D6112E6215244E700DBDF74 /* Sources */ = {
			isa = PBXSourcesBuildPhase;
			buildActionMask = 2147483647;
			files = (
				3DDF3C96215C6EC6008CFD6A /* MMViewController.m in Sources */,
				3D5FE83D215B11DA004B439C /* UIImage+ZZYQRImageExtension.m in Sources */,
				3D538C40215B8EE400640448 /* ScanView.m in Sources */,
				3D6112EF215244E700DBDF74 /* RCTBaiDuOcrModule.m in Sources */,
				3D5FE83C215B11DA004B439C /* AVCaptureSessionManager.m in Sources */,
			);
			runOnlyForDeploymentPostprocessing = 0;
		};
/* End PBXSourcesBuildPhase section */

/* Begin XCBuildConfiguration section */
		3D6112F1215244E700DBDF74 /* Debug */ = {
			isa = XCBuildConfiguration;
			buildSettings = {
				ALWAYS_SEARCH_USER_PATHS = NO;
				CLANG_ANALYZER_NONNULL = YES;
				CLANG_ANALYZER_NUMBER_OBJECT_CONVERSION = YES_AGGRESSIVE;
				CLANG_CXX_LANGUAGE_STANDARD = "gnu++14";
				CLANG_CXX_LIBRARY = "libc++";
				CLANG_ENABLE_MODULES = YES;
				CLANG_ENABLE_OBJC_ARC = YES;
				CLANG_ENABLE_OBJC_WEAK = YES;
				CLANG_WARN_BLOCK_CAPTURE_AUTORELEASING = YES;
				CLANG_WARN_BOOL_CONVERSION = YES;
				CLANG_WARN_COMMA = YES;
				CLANG_WARN_CONSTANT_CONVERSION = YES;
				CLANG_WARN_DEPRECATED_OBJC_IMPLEMENTATIONS = YES;
				CLANG_WARN_DIRECT_OBJC_ISA_USAGE = YES_ERROR;
				CLANG_WARN_DOCUMENTATION_COMMENTS = YES;
				CLANG_WARN_EMPTY_BODY = YES;
				CLANG_WARN_ENUM_CONVERSION = YES;
				CLANG_WARN_INFINITE_RECURSION = YES;
				CLANG_WARN_INT_CONVERSION = YES;
				CLANG_WARN_NON_LITERAL_NULL_CONVERSION = YES;
				CLANG_WARN_OBJC_IMPLICIT_RETAIN_SELF = YES;
				CLANG_WARN_OBJC_LITERAL_CONVERSION = YES;
				CLANG_WARN_OBJC_ROOT_CLASS = YES_ERROR;
				CLANG_WARN_RANGE_LOOP_ANALYSIS = YES;
				CLANG_WARN_STRICT_PROTOTYPES = YES;
				CLANG_WARN_SUSPICIOUS_MOVE = YES;
				CLANG_WARN_UNGUARDED_AVAILABILITY = YES_AGGRESSIVE;
				CLANG_WARN_UNREACHABLE_CODE = YES;
				CLANG_WARN__DUPLICATE_METHOD_MATCH = YES;
				CODE_SIGN_IDENTITY = "iPhone Developer";
				COPY_PHASE_STRIP = YES;
				DEBUG_INFORMATION_FORMAT = dwarf;
				ENABLE_STRICT_OBJC_MSGSEND = YES;
				ENABLE_TESTABILITY = YES;
				FRAMEWORK_SEARCH_PATHS = (
					"$(inherited)",
					"$(PROJECT_DIR)/RCTBaiDuOcrModule",
					"$(PROJECT_DIR)",
				);
				GCC_C_LANGUAGE_STANDARD = gnu11;
				GCC_DYNAMIC_NO_PIC = NO;
				GCC_NO_COMMON_BLOCKS = YES;
				GCC_OPTIMIZATION_LEVEL = 0;
				GCC_PREPROCESSOR_DEFINITIONS = (
					"DEBUG=1",
					"$(inherited)",
				);
				GCC_WARN_64_TO_32_BIT_CONVERSION = YES;
				GCC_WARN_ABOUT_RETURN_TYPE = YES_ERROR;
				GCC_WARN_UNDECLARED_SELECTOR = YES;
				GCC_WARN_UNINITIALIZED_AUTOS = YES_AGGRESSIVE;
				GCC_WARN_UNUSED_FUNCTION = YES;
				GCC_WARN_UNUSED_VARIABLE = YES;
				IPHONEOS_DEPLOYMENT_TARGET = 9.0;
				MTL_ENABLE_DEBUG_INFO = YES;
				ONLY_ACTIVE_ARCH = YES;
				SDKROOT = iphoneos;
			};
			name = Debug;
		};
		3D6112F2215244E700DBDF74 /* Release */ = {
			isa = XCBuildConfiguration;
			buildSettings = {
				ALWAYS_SEARCH_USER_PATHS = NO;
				CLANG_ANALYZER_NONNULL = YES;
				CLANG_ANALYZER_NUMBER_OBJECT_CONVERSION = YES_AGGRESSIVE;
				CLANG_CXX_LANGUAGE_STANDARD = "gnu++14";
				CLANG_CXX_LIBRARY = "libc++";
				CLANG_ENABLE_MODULES = YES;
				CLANG_ENABLE_OBJC_ARC = YES;
				CLANG_ENABLE_OBJC_WEAK = YES;
				CLANG_WARN_BLOCK_CAPTURE_AUTORELEASING = YES;
				CLANG_WARN_BOOL_CONVERSION = YES;
				CLANG_WARN_COMMA = YES;
				CLANG_WARN_CONSTANT_CONVERSION = YES;
				CLANG_WARN_DEPRECATED_OBJC_IMPLEMENTATIONS = YES;
				CLANG_WARN_DIRECT_OBJC_ISA_USAGE = YES_ERROR;
				CLANG_WARN_DOCUMENTATION_COMMENTS = YES;
				CLANG_WARN_EMPTY_BODY = YES;
				CLANG_WARN_ENUM_CONVERSION = YES;
				CLANG_WARN_INFINITE_RECURSION = YES;
				CLANG_WARN_INT_CONVERSION = YES;
				CLANG_WARN_NON_LITERAL_NULL_CONVERSION = YES;
				CLANG_WARN_OBJC_IMPLICIT_RETAIN_SELF = YES;
				CLANG_WARN_OBJC_LITERAL_CONVERSION = YES;
				CLANG_WARN_OBJC_ROOT_CLASS = YES_ERROR;
				CLANG_WARN_RANGE_LOOP_ANALYSIS = YES;
				CLANG_WARN_STRICT_PROTOTYPES = YES;
				CLANG_WARN_SUSPICIOUS_MOVE = YES;
				CLANG_WARN_UNGUARDED_AVAILABILITY = YES_AGGRESSIVE;
				CLANG_WARN_UNREACHABLE_CODE = YES;
				CLANG_WARN__DUPLICATE_METHOD_MATCH = YES;
				CODE_SIGN_IDENTITY = "iPhone Developer";
				COPY_PHASE_STRIP = YES;
				DEBUG_INFORMATION_FORMAT = "dwarf-with-dsym";
				ENABLE_NS_ASSERTIONS = NO;
				ENABLE_STRICT_OBJC_MSGSEND = YES;
				FRAMEWORK_SEARCH_PATHS = (
					"$(inherited)",
					"$(PROJECT_DIR)/RCTBaiDuOcrModule",
					"$(PROJECT_DIR)",
				);
				GCC_C_LANGUAGE_STANDARD = gnu11;
				GCC_NO_COMMON_BLOCKS = YES;
				GCC_WARN_64_TO_32_BIT_CONVERSION = YES;
				GCC_WARN_ABOUT_RETURN_TYPE = YES_ERROR;
				GCC_WARN_UNDECLARED_SELECTOR = YES;
				GCC_WARN_UNINITIALIZED_AUTOS = YES_AGGRESSIVE;
				GCC_WARN_UNUSED_FUNCTION = YES;
				GCC_WARN_UNUSED_VARIABLE = YES;
				IPHONEOS_DEPLOYMENT_TARGET = 9.0;
				MTL_ENABLE_DEBUG_INFO = NO;
				SDKROOT = iphoneos;
				VALIDATE_PRODUCT = YES;
			};
			name = Release;
		};
		3D6112F4215244E700DBDF74 /* Debug */ = {
			isa = XCBuildConfiguration;
			buildSettings = {
				CODE_SIGN_STYLE = Automatic;
				DEVELOPMENT_TEAM = 9G2WWHYW5B;
				FRAMEWORK_SEARCH_PATHS = (
					"$(inherited)",
					"$(PROJECT_DIR)/RCTBaiDuOcrModule",
					"$(PROJECT_DIR)",
				);
				OTHER_LDFLAGS = "-ObjC";
				PRODUCT_NAME = "$(TARGET_NAME)";
				SKIP_INSTALL = YES;
				TARGETED_DEVICE_FAMILY = "1,2";
			};
			name = Debug;
		};
		3D6112F5215244E700DBDF74 /* Release */ = {
			isa = XCBuildConfiguration;
			buildSettings = {
				CODE_SIGN_STYLE = Automatic;
				DEVELOPMENT_TEAM = 9G2WWHYW5B;
				FRAMEWORK_SEARCH_PATHS = (
					"$(inherited)",
					"$(PROJECT_DIR)/RCTBaiDuOcrModule",
					"$(PROJECT_DIR)",
				);
				OTHER_LDFLAGS = "-ObjC";
				PRODUCT_NAME = "$(TARGET_NAME)";
				SKIP_INSTALL = YES;
				TARGETED_DEVICE_FAMILY = "1,2";
			};
			name = Release;
		};
/* End XCBuildConfiguration section */

/* Begin XCConfigurationList section */
		3D6112E5215244E700DBDF74 /* Build configuration list for PBXProject "RCTBaiDuOcrModule" */ = {
			isa = XCConfigurationList;
			buildConfigurations = (
				3D6112F1215244E700DBDF74 /* Debug */,
				3D6112F2215244E700DBDF74 /* Release */,
			);
			defaultConfigurationIsVisible = 0;
			defaultConfigurationName = Release;
		};
		3D6112F3215244E700DBDF74 /* Build configuration list for PBXNativeTarget "RCTBaiDuOcrModule" */ = {
			isa = XCConfigurationList;
			buildConfigurations = (
				3D6112F4215244E700DBDF74 /* Debug */,
				3D6112F5215244E700DBDF74 /* Release */,
			);
			defaultConfigurationIsVisible = 0;
			defaultConfigurationName = Release;
		};
/* End XCConfigurationList section */
	};
	rootObject = 3D6112E2215244E700DBDF74 /* Project object */;
}
